// !$*UTF8*$!
{
	archiveVersion = 1;
	classes = {
	};
	objectVersion = 50;
	objects = {

/* Begin PBXBuildFile section */
		B574BC4424E21E3C00951E16 /* main.c in Sources */ = {isa = PBXBuildFile; fileRef = B574BC4324E21E3C00951E16 /* main.c */; };
		B574BC4D24E21E4F00951E16 /* SDL2_image.framework in Frameworks */ = {isa = PBXBuildFile; fileRef = B574BC4B24E21E4F00951E16 /* SDL2_image.framework */; };
		B574BC4F24E21E4F00951E16 /* SDL2.framework in Frameworks */ = {isa = PBXBuildFile; fileRef = B574BC4C24E21E4F00951E16 /* SDL2.framework */; };
/* End PBXBuildFile section */

/* Begin PBXCopyFilesBuildPhase section */
		B574BC3E24E21E3C00951E16 /* CopyFiles */ = {
			isa = PBXCopyFilesBuildPhase;
			buildActionMask = 2147483647;
			dstPath = /usr/share/man/man1/;
			dstSubfolderSpec = 0;
			files = (
			);
			runOnlyForDeploymentPostprocessing = 1;
		};
/* End PBXCopyFilesBuildPhase section */

/* Begin PBXFileReference section */
		B561D6F524E330BB00DF8B44 /* Vector.h */ = {isa = PBXFileReference; lastKnownFileType = sourcecode.c.h; path = Vector.h; sourceTree = "<group>"; };
		B561D6F624E33ACD00DF8B44 /* Tests.h */ = {isa = PBXFileReference; lastKnownFileType = sourcecode.c.h; path = Tests.h; sourceTree = "<group>"; };
		B561D6F724E345F300DF8B44 /* Ray.h */ = {isa = PBXFileReference; lastKnownFileType = sourcecode.c.h; path = Ray.h; sourceTree = "<group>"; };
		B561D6F924E3468300DF8B44 /* Hit.h */ = {isa = PBXFileReference; lastKnownFileType = sourcecode.c.h; path = Hit.h; sourceTree = "<group>"; };
		B561D6FA24E346DF00DF8B44 /* Quaternion.h */ = {isa = PBXFileReference; lastKnownFileType = sourcecode.c.h; path = Quaternion.h; sourceTree = "<group>"; };
		B574BC4024E21E3C00951E16 /* SDL_ACCEL8 */ = {isa = PBXFileReference; explicitFileType = "compiled.mach-o.executable"; includeInIndex = 0; path = SDL_ACCEL8; sourceTree = BUILT_PRODUCTS_DIR; };
		B574BC4324E21E3C00951E16 /* main.c */ = {isa = PBXFileReference; lastKnownFileType = sourcecode.c.c; path = main.c; sourceTree = "<group>"; };
		B574BC4B24E21E4F00951E16 /* SDL2_image.framework */ = {isa = PBXFileReference; lastKnownFileType = wrapper.framework; name = SDL2_image.framework; path = ../../../../../Library/Frameworks/SDL2_image.framework; sourceTree = "<group>"; };
		B574BC4C24E21E4F00951E16 /* SDL2.framework */ = {isa = PBXFileReference; lastKnownFileType = wrapper.framework; name = SDL2.framework; path = ../../../../../Library/Frameworks/SDL2.framework; sourceTree = "<group>"; };
/* End PBXFileReference section */

/* Begin PBXFrameworksBuildPhase section */
		B574BC3D24E21E3C00951E16 /* Frameworks */ = {
			isa = PBXFrameworksBuildPhase;
			buildActionMask = 2147483647;
			files = (
				B574BC4D24E21E4F00951E16 /* SDL2_image.framework in Frameworks */,
				B574BC4F24E21E4F00951E16 /* SDL2.framework in Frameworks */,
			);
			runOnlyForDeploymentPostprocessing = 0;
		};
/* End PBXFrameworksBuildPhase section */

/* Begin PBXGroup section */
		B561D6F824E345FC00DF8B44 /* Math */ = {
			isa = PBXGroup;
			children = (
				B561D6F524E330BB00DF8B44 /* Vector.h */,
				B561D6F724E345F300DF8B44 /* Ray.h */,
				B561D6F924E3468300DF8B44 /* Hit.h */,
				B561D6FA24E346DF00DF8B44 /* Quaternion.h */,
			);
			path = Math;
			sourceTree = "<group>";
		};
		B574BC3724E21E3C00951E16 = {
			isa = PBXGroup;
			children = (
				B574BC4224E21E3C00951E16 /* SDL_ACCEL8 */,
				B574BC4124E21E3C00951E16 /* Products */,
				B574BC4A24E21E4F00951E16 /* Frameworks */,
			);
			sourceTree = "<group>";
		};
		B574BC4124E21E3C00951E16 /* Products */ = {
			isa = PBXGroup;
			children = (
				B574BC4024E21E3C00951E16 /* SDL_ACCEL8 */,
			);
			name = Products;
			sourceTree = "<group>";
		};
		B574BC4224E21E3C00951E16 /* SDL_ACCEL8 */ = {
			isa = PBXGroup;
			children = (
				B561D6F824E345FC00DF8B44 /* Math */,
				B574BC4324E21E3C00951E16 /* main.c */,
				B561D6F624E33ACD00DF8B44 /* Tests.h */,
			);
			path = SDL_ACCEL8;
			sourceTree = "<group>";
		};
		B574BC4A24E21E4F00951E16 /* Frameworks */ = {
			isa = PBXGroup;
			children = (
				B574BC4B24E21E4F00951E16 /* SDL2_image.framework */,
				B574BC4C24E21E4F00951E16 /* SDL2.framework */,
			);
			name = Frameworks;
			sourceTree = "<group>";
		};
/* End PBXGroup section */

/* Begin PBXNativeTarget section */
		B574BC3F24E21E3C00951E16 /* SDL_ACCEL8 */ = {
			isa = PBXNativeTarget;
			buildConfigurationList = B574BC4724E21E3C00951E16 /* Build configuration list for PBXNativeTarget "SDL_ACCEL8" */;
			buildPhases = (
				B574BC3C24E21E3C00951E16 /* Sources */,
				B574BC3D24E21E3C00951E16 /* Frameworks */,
				B574BC3E24E21E3C00951E16 /* CopyFiles */,
			);
			buildRules = (
			);
			dependencies = (
			);
			name = SDL_ACCEL8;
			productName = SDL_ACCEL8;
			productReference = B574BC4024E21E3C00951E16 /* SDL_ACCEL8 */;
			productType = "com.apple.product-type.tool";
		};
/* End PBXNativeTarget section */

/* Begin PBXProject section */
		B574BC3824E21E3C00951E16 /* Project object */ = {
			isa = PBXProject;
			attributes = {
				LastUpgradeCheck = 1150;
				ORGANIZATIONNAME = Ben;
				TargetAttributes = {
					B574BC3F24E21E3C00951E16 = {
						CreatedOnToolsVersion = 11.5;
					};
				};
			};
			buildConfigurationList = B574BC3B24E21E3C00951E16 /* Build configuration list for PBXProject "SDL_ACCEL8" */;
			compatibilityVersion = "Xcode 9.3";
			developmentRegion = en;
			hasScannedForEncodings = 0;
			knownRegions = (
				en,
				Base,
			);
			mainGroup = B574BC3724E21E3C00951E16;
			productRefGroup = B574BC4124E21E3C00951E16 /* Products */;
			projectDirPath = "";
			projectRoot = "";
			targets = (
				B574BC3F24E21E3C00951E16 /* SDL_ACCEL8 */,
			);
		};
/* End PBXProject section */

/* Begin PBXSourcesBuildPhase section */
		B574BC3C24E21E3C00951E16 /* Sources */ = {
			isa = PBXSourcesBuildPhase;
			buildActionMask = 2147483647;
			files = (
				B574BC4424E21E3C00951E16 /* main.c in Sources */,
			);
			runOnlyForDeploymentPostprocessing = 0;
		};
/* End PBXSourcesBuildPhase section */

/* Begin XCBuildConfiguration section */
		B574BC4524E21E3C00951E16 /* Debug */ = {
			isa = XCBuildConfiguration;
			buildSettings = {
				ALWAYS_SEARCH_USER_PATHS = NO;
				CLANG_ANALYZER_NONNULL = YES;
				CLANG_ANALYZER_NUMBER_OBJECT_CONVERSION = YES_AGGRESSIVE;
				CLANG_CXX_LANGUAGE_STANDARD = "gnu++14";
				CLANG_CXX_LIBRARY = "libc++";
				CLANG_ENABLE_MODULES = YES;
				CLANG_ENABLE_OBJC_ARC = YES;
				CLANG_ENABLE_OBJC_WEAK = YES;
				CLANG_WARN_BLOCK_CAPTURE_AUTORELEASING = YES;
				CLANG_WARN_BOOL_CONVERSION = YES;
				CLANG_WARN_COMMA = YES;
				CLANG_WARN_CONSTANT_CONVERSION = YES;
				CLANG_WARN_DEPRECATED_OBJC_IMPLEMENTATIONS = YES;
				CLANG_WARN_DIRECT_OBJC_ISA_USAGE = YES_ERROR;
				CLANG_WARN_DOCUMENTATION_COMMENTS = YES;
				CLANG_WARN_EMPTY_BODY = YES;
				CLANG_WARN_ENUM_CONVERSION = YES;
				CLANG_WARN_INFINITE_RECURSION = YES;
				CLANG_WARN_INT_CONVERSION = YES;
				CLANG_WARN_NON_LITERAL_NULL_CONVERSION = YES;
				CLANG_WARN_OBJC_IMPLICIT_RETAIN_SELF = YES;
				CLANG_WARN_OBJC_LITERAL_CONVERSION = YES;
				CLANG_WARN_OBJC_ROOT_CLASS = YES_ERROR;
				CLANG_WARN_RANGE_LOOP_ANALYSIS = YES;
				CLANG_WARN_STRICT_PROTOTYPES = YES;
				CLANG_WARN_SUSPICIOUS_MOVE = YES;
				CLANG_WARN_UNGUARDED_AVAILABILITY = YES_AGGRESSIVE;
				CLANG_WARN_UNREACHABLE_CODE = YES;
				CLANG_WARN__DUPLICATE_METHOD_MATCH = YES;
				COPY_PHASE_STRIP = NO;
				DEBUG_INFORMATION_FORMAT = dwarf;
				ENABLE_STRICT_OBJC_MSGSEND = YES;
				ENABLE_TESTABILITY = YES;
				GCC_C_LANGUAGE_STANDARD = gnu11;
				GCC_DYNAMIC_NO_PIC = NO;
				GCC_NO_COMMON_BLOCKS = YES;
				GCC_OPTIMIZATION_LEVEL = 0;
				GCC_PREPROCESSOR_DEFINITIONS = (
					"DEBUG=1",
					"$(inherited)",
				);
				GCC_WARN_64_TO_32_BIT_CONVERSION = YES;
				GCC_WARN_ABOUT_RETURN_TYPE = YES_ERROR;
				GCC_WARN_UNDECLARED_SELECTOR = YES;
				GCC_WARN_UNINITIALIZED_AUTOS = YES_AGGRESSIVE;
				GCC_WARN_UNUSED_FUNCTION = YES;
				GCC_WARN_UNUSED_VARIABLE = YES;
				MACOSX_DEPLOYMENT_TARGET = 10.15;
				MTL_ENABLE_DEBUG_INFO = INCLUDE_SOURCE;
				MTL_FAST_MATH = YES;
				ONLY_ACTIVE_ARCH = YES;
				SDKROOT = macosx;
			};
			name = Debug;
		};
		B574BC4624E21E3C00951E16 /* Release */ = {
			isa = XCBuildConfiguration;
			buildSettings = {
				ALWAYS_SEARCH_USER_PATHS = NO;
				CLANG_ANALYZER_NONNULL = YES;
				CLANG_ANALYZER_NUMBER_OBJECT_CONVERSION = YES_AGGRESSIVE;
				CLANG_CXX_LANGUAGE_STANDARD = "gnu++14";
				CLANG_CXX_LIBRARY = "libc++";
				CLANG_ENABLE_MODULES = YES;
				CLANG_ENABLE_OBJC_ARC = YES;
				CLANG_ENABLE_OBJC_WEAK = YES;
				CLANG_WARN_BLOCK_CAPTURE_AUTORELEASING = YES;
				CLANG_WARN_BOOL_CONVERSION = YES;
				CLANG_WARN_COMMA = YES;
				CLANG_WARN_CONSTANT_CONVERSION = YES;
				CLANG_WARN_DEPRECATED_OBJC_IMPLEMENTATIONS = YES;
				CLANG_WARN_DIRECT_OBJC_ISA_USAGE = YES_ERROR;
				CLANG_WARN_DOCUMENTATION_COMMENTS = YES;
				CLANG_WARN_EMPTY_BODY = YES;
				CLANG_WARN_ENUM_CONVERSION = YES;
				CLANG_WARN_INFINITE_RECURSION = YES;
				CLANG_WARN_INT_CONVERSION = YES;
				CLANG_WARN_NON_LITERAL_NULL_CONVERSION = YES;
				CLANG_WARN_OBJC_IMPLICIT_RETAIN_SELF = YES;
				CLANG_WARN_OBJC_LITERAL_CONVERSION = YES;
				CLANG_WARN_OBJC_ROOT_CLASS = YES_ERROR;
				CLANG_WARN_RANGE_LOOP_ANALYSIS = YES;
				CLANG_WARN_STRICT_PROTOTYPES = YES;
				CLANG_WARN_SUSPICIOUS_MOVE = YES;
				CLANG_WARN_UNGUARDED_AVAILABILITY = YES_AGGRESSIVE;
				CLANG_WARN_UNREACHABLE_CODE = YES;
				CLANG_WARN__DUPLICATE_METHOD_MATCH = YES;
				COPY_PHASE_STRIP = NO;
				DEBUG_INFORMATION_FORMAT = "dwarf-with-dsym";
				ENABLE_NS_ASSERTIONS = NO;
				ENABLE_STRICT_OBJC_MSGSEND = YES;
				GCC_C_LANGUAGE_STANDARD = gnu11;
				GCC_NO_COMMON_BLOCKS = YES;
				GCC_WARN_64_TO_32_BIT_CONVERSION = YES;
				GCC_WARN_ABOUT_RETURN_TYPE = YES_ERROR;
				GCC_WARN_UNDECLARED_SELECTOR = YES;
				GCC_WARN_UNINITIALIZED_AUTOS = YES_AGGRESSIVE;
				GCC_WARN_UNUSED_FUNCTION = YES;
				GCC_WARN_UNUSED_VARIABLE = YES;
				MACOSX_DEPLOYMENT_TARGET = 10.15;
				MTL_ENABLE_DEBUG_INFO = NO;
				MTL_FAST_MATH = YES;
				SDKROOT = macosx;
			};
			name = Release;
		};
		B574BC4824E21E3C00951E16 /* Debug */ = {
			isa = XCBuildConfiguration;
			buildSettings = {
				CODE_SIGN_STYLE = Automatic;
				FRAMEWORK_SEARCH_PATHS = (
					"$(inherited)",
					"$(LOCAL_LIBRARY_DIR)/Frameworks",
				);
				PRODUCT_NAME = "$(TARGET_NAME)";
			};
			name = Debug;
		};
		B574BC4924E21E3C00951E16 /* Release */ = {
			isa = XCBuildConfiguration;
			buildSettings = {
				CODE_SIGN_STYLE = Automatic;
				FRAMEWORK_SEARCH_PATHS = (
					"$(inherited)",
					"$(LOCAL_LIBRARY_DIR)/Frameworks",
				);
				PRODUCT_NAME = "$(TARGET_NAME)";
			};
			name = Release;
		};
/* End XCBuildConfiguration section */

/* Begin XCConfigurationList section */
		B574BC3B24E21E3C00951E16 /* Build configuration list for PBXProject "SDL_ACCEL8" */ = {
			isa = XCConfigurationList;
			buildConfigurations = (
				B574BC4524E21E3C00951E16 /* Debug */,
				B574BC4624E21E3C00951E16 /* Release */,
			);
			defaultConfigurationIsVisible = 0;
			defaultConfigurationName = Release;
		};
		B574BC4724E21E3C00951E16 /* Build configuration list for PBXNativeTarget "SDL_ACCEL8" */ = {
			isa = XCConfigurationList;
			buildConfigurations = (
				B574BC4824E21E3C00951E16 /* Debug */,
				B574BC4924E21E3C00951E16 /* Release */,
			);
			defaultConfigurationIsVisible = 0;
			defaultConfigurationName = Release;
		};
/* End XCConfigurationList section */
	};
	rootObject = B574BC3824E21E3C00951E16 /* Project object */;
}
